
Microsoft Visual Studio Solution File, Format Version 12.00
# Visual Studio Version 17
VisualStudioVersion = 17.3.32804.467
MinimumVisualStudioVersion = 10.0.40219.1
Project("{9A19103F-16F7-4668-BE54-9A1E7A4F7556}") = "whatever", "whatever\whatever.csproj", "{772DE4F2-096B-4DF9-B9CD-B87517A39217}"
EndProject
Project("{9A19103F-16F7-4668-BE54-9A1E7A4F7556}") = "Console", "Console\Console.csproj", "{F3E4E344-0324-468E-88CF-B6D35A2723C7}"
EndProject
Global
	GlobalSection(SolutionConfigurationPlatforms) = preSolution
		Debug|Any CPU = Debug|Any CPU
		Release|Any CPU = Release|Any CPU
	EndGlobalSection
	GlobalSection(ProjectConfigurationPlatforms) = postSolution
		{772DE4F2-096B-4DF9-B9CD-B87517A39217}.Debug|Any CPU.ActiveCfg = Debug|Any CPU
		{772DE4F2-096B-4DF9-B9CD-B87517A39217}.Debug|Any CPU.Build.0 = Debug|Any CPU
		{772DE4F2-096B-4DF9-B9CD-B87517A39217}.Release|Any CPU.ActiveCfg = Release|Any CPU
		{772DE4F2-096B-4DF9-B9CD-B87517A39217}.Release|Any CPU.Build.0 = Release|Any CPU
		{F3E4E344-0324-468E-88CF-B6D35A2723C7}.Debug|Any CPU.ActiveCfg = Debug|Any CPU
		{F3E4E344-0324-468E-88CF-B6D35A2723C7}.Debug|Any CPU.Build.0 = Debug|Any CPU
		{F3E4E344-0324-468E-88CF-B6D35A2723C7}.Release|Any CPU.ActiveCfg = Release|Any CPU
		{F3E4E344-0324-468E-88CF-B6D35A2723C7}.Release|Any CPU.Build.0 = Release|Any CPU
	EndGlobalSection
	GlobalSection(SolutionProperties) = preSolution
		HideSolutionNode = FALSE
	EndGlobalSection
	GlobalSection(ExtensibilityGlobals) = postSolution
		SolutionGuid = {9C2DE1AA-EBA8-4C8C-BEFA-12BD3F97136E}
	EndGlobalSection
EndGlobal
