
Microsoft Visual Studio Solution File, Format Version 12.00
# Visual Studio Version 17
VisualStudioVersion = 17.3.32804.467
MinimumVisualStudioVersion = 10.0.40219.1
Project("{9A19103F-16F7-4668-BE54-9A1E7A4F7556}") = "ReaderAdvanced", "ReaderAdvanced\ReaderAdvanced.csproj", "{A5BEC0D3-41AA-46B5-A266-7756E3D806F1}"
EndProject
Global
	GlobalSection(SolutionConfigurationPlatforms) = preSolution
		Debug|Any CPU = Debug|Any CPU
		Release|Any CPU = Release|Any CPU
	EndGlobalSection
	GlobalSection(ProjectConfigurationPlatforms) = postSolution
		{A5BEC0D3-41AA-46B5-A266-7756E3D806F1}.Debug|Any CPU.ActiveCfg = Debug|Any CPU
		{A5BEC0D3-41AA-46B5-A266-7756E3D806F1}.Debug|Any CPU.Build.0 = Debug|Any CPU
		{A5BEC0D3-41AA-46B5-A266-7756E3D806F1}.Release|Any CPU.ActiveCfg = Release|Any CPU
		{A5BEC0D3-41AA-46B5-A266-7756E3D806F1}.Release|Any CPU.Build.0 = Release|Any CPU
	EndGlobalSection
	GlobalSection(SolutionProperties) = preSolution
		HideSolutionNode = FALSE
	EndGlobalSection
	GlobalSection(ExtensibilityGlobals) = postSolution
		SolutionGuid = {A656A356-DE74-435C-8B7F-3A9C46112112}
	EndGlobalSection
EndGlobal
