
Microsoft Visual Studio Solution File, Format Version 12.00
# Visual Studio Version 17
VisualStudioVersion = 17.5.33424.131
MinimumVisualStudioVersion = 10.0.40219.1
Project("{FAE04EC0-301F-11D3-BF4B-00C04F79EFBC}") = "Rythym", "Rythym.csproj", "{571B33A6-0DAA-422B-83D9-672076573DA5}"
EndProject
Global
	GlobalSection(SolutionConfigurationPlatforms) = preSolution
		Debug|Any CPU = Debug|Any CPU
		Release|Any CPU = Release|Any CPU
	EndGlobalSection
	GlobalSection(ProjectConfigurationPlatforms) = postSolution
		{571B33A6-0DAA-422B-83D9-672076573DA5}.Debug|Any CPU.ActiveCfg = Debug|Any CPU
		{571B33A6-0DAA-422B-83D9-672076573DA5}.Debug|Any CPU.Build.0 = Debug|Any CPU
		{571B33A6-0DAA-422B-83D9-672076573DA5}.Release|Any CPU.ActiveCfg = Release|Any CPU
		{571B33A6-0DAA-422B-83D9-672076573DA5}.Release|Any CPU.Build.0 = Release|Any CPU
	EndGlobalSection
	GlobalSection(SolutionProperties) = preSolution
		HideSolutionNode = FALSE
	EndGlobalSection
	GlobalSection(ExtensibilityGlobals) = postSolution
		SolutionGuid = {595B6EE0-211B-4E2C-86AD-D1DE29B8FB3B}
	EndGlobalSection
EndGlobal
